
Microsoft Visual Studio Solution File, Format Version 12.00
# Visual Studio Version 17
VisualStudioVersion = 17.4.33213.308
MinimumVisualStudioVersion = 10.0.40219.1
Project("{9A19103F-16F7-4668-BE54-9A1E7A4F7556}") = "Dynamicweb.Ecommerce.CheckoutHandlers.DibsEasyCheckout", "src\Dynamicweb.Ecommerce.CheckoutHandlers.DibsEasyCheckout.csproj", "{51E84BDF-0ED2-4246-BED6-EA2B074A463F}"
EndProject
Global
	GlobalSection(SolutionConfigurationPlatforms) = preSolution
		Debug|Any CPU = Debug|Any CPU
		Release|Any CPU = Release|Any CPU
	EndGlobalSection
	GlobalSection(ProjectConfigurationPlatforms) = postSolution
		{51E84BDF-0ED2-4246-BED6-EA2B074A463F}.Debug|Any CPU.ActiveCfg = Debug|Any CPU
		{51E84BDF-0ED2-4246-BED6-EA2B074A463F}.Debug|Any CPU.Build.0 = Debug|Any CPU
		{51E84BDF-0ED2-4246-BED6-EA2B074A463F}.Release|Any CPU.ActiveCfg = Release|Any CPU
		{51E84BDF-0ED2-4246-BED6-EA2B074A463F}.Release|Any CPU.Build.0 = Release|Any CPU
	EndGlobalSection
	GlobalSection(SolutionProperties) = preSolution
		HideSolutionNode = FALSE
	EndGlobalSection
	GlobalSection(ExtensibilityGlobals) = postSolution
		SolutionGuid = {27AD57FD-098B-40C5-A4E6-EC2BF877109C}
	EndGlobalSection
EndGlobal
